{
    "_readme": [
        "This file locks the dependencies of your project to a known state",
        "Read more about it at https://getcomposer.org/doc/01-basic-usage.md#installing-dependencies",
        "This file is @generated automatically"
    ],
    "content-hash": "bea1b5fe8902865644e1f230e45e3d61",
    "packages": [
        {
            "name": "sysmyapp.com/handlers-framework",
            "version": "v0.2-alpha",
            "source": {
                "type": "git",
                "url": "https://github.com/JossueR/HandlersFramework.git",
                "reference": "6bfb347ac8ec04d29e2f4c8d1544e0420faf677b"
            },
            "dist": {
                "type": "zip",
                "url": "https://api.github.com/repos/JossueR/HandlersFramework/zipball/6bfb347ac8ec04d29e2f4c8d1544e0420faf677b",
                "reference": "6bfb347ac8ec04d29e2f4c8d1544e0420faf677b",
                "shasum": ""
            },
            "require": {
                "ext-json": "*",
                "ext-mysqli": "*",
                "ext-simplexml": "*"
            },
            "type": "library",
            "autoload": {
                "psr-4": {
                    "Handlers\\": "src/Handlers"
                }
            },
            "notification-url": "https://packagist.org/downloads/",
            "license": [
                "MIT"
            ],
            "authors": [
                {
                    "name": "jossue",
                    "email": "jossue.rodriguez@gmail.com"
                }
            ],
            "description": "Framework php ligero MVC para construcción de APIS RESTFULL y aplicaciones web en php",
            "support": {
                "issues": "https://github.com/JossueR/HandlersFramework/issues",
                "source": "https://github.com/JossueR/HandlersFramework/tree/v0.2-alpha"
            },
            "time": "2021-03-10T22:00:51+00:00"
        }
    ],
    "packages-dev": [],
    "aliases": [],
    "minimum-stability": "stable",
    "stability-flags": {
        "sysmyapp.com/handlers-framework": 15
    },
    "prefer-stable": false,
    "prefer-lowest": false,
    "platform": [],
    "platform-dev": [],
    "plugin-api-version": "2.0.0"
}
