{
    "_readme": [
        "This file locks the dependencies of your project to a known state",
        "Read more about it at https://getcomposer.org/doc/01-basic-usage.md#installing-dependencies",
        "This file is @generated automatically"
    ],
    "content-hash": "bb52cbdc76e731f08c71b22f2cdae7ea",
    "packages": [
        {
            "name": "sysmyapp.com/handlers-framework",
            "version": "dev-main",
            "source": {
                "type": "git",
                "url": "https://github.com/JossueR/HandlersFramework.git",
                "reference": "9024a4322e1fb796a1dfc4a03433512778d5da01"
            },
            "dist": {
                "type": "zip",
                "url": "https://api.github.com/repos/JossueR/HandlersFramework/zipball/9024a4322e1fb796a1dfc4a03433512778d5da01",
                "reference": "9024a4322e1fb796a1dfc4a03433512778d5da01",
                "shasum": ""
            },
            "require": {
                "ext-curl": "*",
                "ext-json": "*",
                "ext-mysqli": "*",
                "ext-simplexml": "*"
            },
            "default-branch": true,
            "type": "library",
            "autoload": {
                "psr-4": {
                    "Handlers\\": "src/Handlers"
                }
            },
            "notification-url": "https://packagist.org/downloads/",
            "license": [
                "MIT"
            ],
            "authors": [
                {
                    "name": "jossue",
                    "email": "jossue.rodriguez@gmail.com"
                }
            ],
            "description": "Framework php ligero MVC para construcción de APIS RESTFULL y aplicaciones web en php",
            "support": {
                "issues": "https://github.com/JossueR/HandlersFramework/issues",
                "source": "https://github.com/JossueR/HandlersFramework/tree/main"
            },
            "time": "2021-03-30T15:39:50+00:00"
        }
    ],
    "packages-dev": [],
    "aliases": [],
    "minimum-stability": "stable",
    "stability-flags": {
        "sysmyapp.com/handlers-framework": 20
    },
    "prefer-stable": false,
    "prefer-lowest": false,
    "platform": [],
    "platform-dev": [],
    "plugin-api-version": "2.0.0"
}
